// !$*UTF8*$!
{
	archiveVersion = 1;
	classes = {
	};
	objectVersion = 50;
	objects = {

/* Begin PBXBuildFile section */
		B66953932677BAA90081B88C /* Homehut.xcdatamodeld in Sources */ = {isa = PBXBuildFile; fileRef = B66953912677BAA90081B88C /* Homehut.xcdatamodeld */; };
		B66953952678DFE40081B88C /* Persistence.swift in Sources */ = {isa = PBXBuildFile; fileRef = B66953942678DFE40081B88C /* Persistence.swift */; };
		B669539B26798DBC0081B88C /* Location+CoreDataClass.swift in Sources */ = {isa = PBXBuildFile; fileRef = B669539726798DBC0081B88C /* Location+CoreDataClass.swift */; };
		B669539D26798DBC0081B88C /* WorkItem+CoreDataClass.swift in Sources */ = {isa = PBXBuildFile; fileRef = B669539926798DBC0081B88C /* WorkItem+CoreDataClass.swift */; };
		B66953A12679920F0081B88C /* Location+CoreDataProperties.swift in Sources */ = {isa = PBXBuildFile; fileRef = B669539F2679920F0081B88C /* Location+CoreDataProperties.swift */; };
		B6A9B6B62649B733009C4D4F /* HomehutApp.swift in Sources */ = {isa = PBXBuildFile; fileRef = B6A9B6B52649B733009C4D4F /* HomehutApp.swift */; };
		B6A9B6B82649B733009C4D4F /* LandingPageView.swift in Sources */ = {isa = PBXBuildFile; fileRef = B6A9B6B72649B733009C4D4F /* LandingPageView.swift */; };
		B6A9B6BA2649B737009C4D4F /* Assets.xcassets in Resources */ = {isa = PBXBuildFile; fileRef = B6A9B6B92649B737009C4D4F /* Assets.xcassets */; };
		B6A9B6BD2649B737009C4D4F /* Preview Assets.xcassets in Resources */ = {isa = PBXBuildFile; fileRef = B6A9B6BC2649B737009C4D4F /* Preview Assets.xcassets */; };
		B6A9B6C82649B910009C4D4F /* LandingPageViewModel.swift in Sources */ = {isa = PBXBuildFile; fileRef = B6A9B6C72649B910009C4D4F /* LandingPageViewModel.swift */; };
		B6A9B6CA2649B93F009C4D4F /* WorkItemModel.swift in Sources */ = {isa = PBXBuildFile; fileRef = B6A9B6C92649B93F009C4D4F /* WorkItemModel.swift */; };
		B6A9B6CC2649BA54009C4D4F /* AddEditWorkView.swift in Sources */ = {isa = PBXBuildFile; fileRef = B6A9B6CB2649BA54009C4D4F /* AddEditWorkView.swift */; };
		B6C2631F267AEEBA0032D3BB /* WorkItem+CoreDataProperties.swift in Sources */ = {isa = PBXBuildFile; fileRef = B6C2631D267AEEBA0032D3BB /* WorkItem+CoreDataProperties.swift */; };
		B6D80ACC264CD82800AE8B4E /* MultiSelectListView.swift in Sources */ = {isa = PBXBuildFile; fileRef = B6D80ACB264CD82800AE8B4E /* MultiSelectListView.swift */; };
		B6D80ACE264EEFE200AE8B4E /* LocationSelectionView.swift in Sources */ = {isa = PBXBuildFile; fileRef = B6D80ACD264EEFE100AE8B4E /* LocationSelectionView.swift */; };
		B6D80AD0264EF0B200AE8B4E /* AddWorkViewModel.swift in Sources */ = {isa = PBXBuildFile; fileRef = B6D80ACF264EF0B200AE8B4E /* AddWorkViewModel.swift */; };
		B6D80AD226517AEC00AE8B4E /* WorkItemView.swift in Sources */ = {isa = PBXBuildFile; fileRef = B6D80AD126517AEC00AE8B4E /* WorkItemView.swift */; };
		B6D80AD42652B2C800AE8B4E /* WorkItemViewModel.swift in Sources */ = {isa = PBXBuildFile; fileRef = B6D80AD32652B2C800AE8B4E /* WorkItemViewModel.swift */; };
		B6D80AD82652FD1300AE8B4E /* WorkCardView.swift in Sources */ = {isa = PBXBuildFile; fileRef = B6D80AD72652FD1300AE8B4E /* WorkCardView.swift */; };
		B6D80ADB2652FE4200AE8B4E /* Constants.swift in Sources */ = {isa = PBXBuildFile; fileRef = B6D80ADA2652FE4200AE8B4E /* Constants.swift */; };
/* End PBXBuildFile section */

/* Begin PBXFileReference section */
		B66953922677BAA90081B88C /* Homehut.xcdatamodel */ = {isa = PBXFileReference; lastKnownFileType = wrapper.xcdatamodel; path = Homehut.xcdatamodel; sourceTree = "<group>"; };
		B66953942678DFE40081B88C /* Persistence.swift */ = {isa = PBXFileReference; lastKnownFileType = sourcecode.swift; path = Persistence.swift; sourceTree = "<group>"; };
		B669539726798DBC0081B88C /* Location+CoreDataClass.swift */ = {isa = PBXFileReference; lastKnownFileType = sourcecode.swift; path = "Location+CoreDataClass.swift"; sourceTree = "<group>"; };
		B669539926798DBC0081B88C /* WorkItem+CoreDataClass.swift */ = {isa = PBXFileReference; lastKnownFileType = sourcecode.swift; path = "WorkItem+CoreDataClass.swift"; sourceTree = "<group>"; };
		B669539F2679920F0081B88C /* Location+CoreDataProperties.swift */ = {isa = PBXFileReference; lastKnownFileType = sourcecode.swift; path = "Location+CoreDataProperties.swift"; sourceTree = "<group>"; };
		B6A9B6B22649B733009C4D4F /* Homehut.app */ = {isa = PBXFileReference; explicitFileType = wrapper.application; includeInIndex = 0; path = Homehut.app; sourceTree = BUILT_PRODUCTS_DIR; };
		B6A9B6B52649B733009C4D4F /* HomehutApp.swift */ = {isa = PBXFileReference; lastKnownFileType = sourcecode.swift; path = HomehutApp.swift; sourceTree = "<group>"; };
		B6A9B6B72649B733009C4D4F /* LandingPageView.swift */ = {isa = PBXFileReference; lastKnownFileType = sourcecode.swift; path = LandingPageView.swift; sourceTree = "<group>"; };
		B6A9B6B92649B737009C4D4F /* Assets.xcassets */ = {isa = PBXFileReference; lastKnownFileType = folder.assetcatalog; path = Assets.xcassets; sourceTree = "<group>"; };
		B6A9B6BC2649B737009C4D4F /* Preview Assets.xcassets */ = {isa = PBXFileReference; lastKnownFileType = folder.assetcatalog; path = "Preview Assets.xcassets"; sourceTree = "<group>"; };
		B6A9B6BE2649B737009C4D4F /* Info.plist */ = {isa = PBXFileReference; lastKnownFileType = text.plist.xml; path = Info.plist; sourceTree = "<group>"; };
		B6A9B6C72649B910009C4D4F /* LandingPageViewModel.swift */ = {isa = PBXFileReference; lastKnownFileType = sourcecode.swift; path = LandingPageViewModel.swift; sourceTree = "<group>"; };
		B6A9B6C92649B93F009C4D4F /* WorkItemModel.swift */ = {isa = PBXFileReference; lastKnownFileType = sourcecode.swift; path = WorkItemModel.swift; sourceTree = "<group>"; };
		B6A9B6CB2649BA54009C4D4F /* AddEditWorkView.swift */ = {isa = PBXFileReference; lastKnownFileType = sourcecode.swift; path = AddEditWorkView.swift; sourceTree = "<group>"; };
		B6C2631D267AEEBA0032D3BB /* WorkItem+CoreDataProperties.swift */ = {isa = PBXFileReference; lastKnownFileType = sourcecode.swift; path = "WorkItem+CoreDataProperties.swift"; sourceTree = "<group>"; };
		B6D80ACB264CD82800AE8B4E /* MultiSelectListView.swift */ = {isa = PBXFileReference; lastKnownFileType = sourcecode.swift; path = MultiSelectListView.swift; sourceTree = "<group>"; };
		B6D80ACD264EEFE100AE8B4E /* LocationSelectionView.swift */ = {isa = PBXFileReference; lastKnownFileType = sourcecode.swift; path = LocationSelectionView.swift; sourceTree = "<group>"; };
		B6D80ACF264EF0B200AE8B4E /* AddWorkViewModel.swift */ = {isa = PBXFileReference; lastKnownFileType = sourcecode.swift; path = AddWorkViewModel.swift; sourceTree = "<group>"; };
		B6D80AD126517AEC00AE8B4E /* WorkItemView.swift */ = {isa = PBXFileReference; lastKnownFileType = sourcecode.swift; path = WorkItemView.swift; sourceTree = "<group>"; };
		B6D80AD32652B2C800AE8B4E /* WorkItemViewModel.swift */ = {isa = PBXFileReference; lastKnownFileType = sourcecode.swift; path = WorkItemViewModel.swift; sourceTree = "<group>"; };
		B6D80AD72652FD1300AE8B4E /* WorkCardView.swift */ = {isa = PBXFileReference; lastKnownFileType = sourcecode.swift; path = WorkCardView.swift; sourceTree = "<group>"; };
		B6D80ADA2652FE4200AE8B4E /* Constants.swift */ = {isa = PBXFileReference; lastKnownFileType = sourcecode.swift; path = Constants.swift; sourceTree = "<group>"; };
/* End PBXFileReference section */

/* Begin PBXFrameworksBuildPhase section */
		B6A9B6AF2649B733009C4D4F /* Frameworks */ = {
			isa = PBXFrameworksBuildPhase;
			buildActionMask = 2147483647;
			files = (
			);
			runOnlyForDeploymentPostprocessing = 0;
		};
/* End PBXFrameworksBuildPhase section */

/* Begin PBXGroup section */
		B66953962678E0230081B88C /* CoreData */ = {
			isa = PBXGroup;
			children = (
				B66953942678DFE40081B88C /* Persistence.swift */,
				B66953912677BAA90081B88C /* Homehut.xcdatamodeld */,
			);
			path = CoreData;
			sourceTree = "<group>";
		};
		B6A9B6A92649B733009C4D4F = {
			isa = PBXGroup;
			children = (
				B6A9B6B42649B733009C4D4F /* Homehut */,
				B6A9B6B32649B733009C4D4F /* Products */,
			);
			sourceTree = "<group>";
		};
		B6A9B6B32649B733009C4D4F /* Products */ = {
			isa = PBXGroup;
			children = (
				B6A9B6B22649B733009C4D4F /* Homehut.app */,
			);
			name = Products;
			sourceTree = "<group>";
		};
		B6A9B6B42649B733009C4D4F /* Homehut */ = {
			isa = PBXGroup;
			children = (
				B6D80AD92652FE2F00AE8B4E /* Repository */,
				B6A9B6C62649B808009C4D4F /* Models */,
				B6A9B6C52649B801009C4D4F /* ViewModels */,
				B6A9B6C42649B7F8009C4D4F /* Views */,
				B6A9B6B52649B733009C4D4F /* HomehutApp.swift */,
				B6A9B6B92649B737009C4D4F /* Assets.xcassets */,
				B6A9B6BE2649B737009C4D4F /* Info.plist */,
				B6A9B6BB2649B737009C4D4F /* Preview Content */,
			);
			path = Homehut;
			sourceTree = "<group>";
		};
		B6A9B6BB2649B737009C4D4F /* Preview Content */ = {
			isa = PBXGroup;
			children = (
				B6A9B6BC2649B737009C4D4F /* Preview Assets.xcassets */,
			);
			path = "Preview Content";
			sourceTree = "<group>";
		};
		B6A9B6C42649B7F8009C4D4F /* Views */ = {
			isa = PBXGroup;
			children = (
				B6A9B6B72649B733009C4D4F /* LandingPageView.swift */,
				B6A9B6CB2649BA54009C4D4F /* AddEditWorkView.swift */,
				B6D80ACB264CD82800AE8B4E /* MultiSelectListView.swift */,
				B6D80ACD264EEFE100AE8B4E /* LocationSelectionView.swift */,
				B6D80AD126517AEC00AE8B4E /* WorkItemView.swift */,
				B6D80AD72652FD1300AE8B4E /* WorkCardView.swift */,
			);
			path = Views;
			sourceTree = "<group>";
		};
		B6A9B6C52649B801009C4D4F /* ViewModels */ = {
			isa = PBXGroup;
			children = (
				B6A9B6C72649B910009C4D4F /* LandingPageViewModel.swift */,
				B6D80ACF264EF0B200AE8B4E /* AddWorkViewModel.swift */,
				B6D80AD32652B2C800AE8B4E /* WorkItemViewModel.swift */,
			);
			path = ViewModels;
			sourceTree = "<group>";
		};
		B6A9B6C62649B808009C4D4F /* Models */ = {
			isa = PBXGroup;
			children = (
				B669539F2679920F0081B88C /* Location+CoreDataProperties.swift */,
				B669539726798DBC0081B88C /* Location+CoreDataClass.swift */,
				B6C2631D267AEEBA0032D3BB /* WorkItem+CoreDataProperties.swift */,
				B669539926798DBC0081B88C /* WorkItem+CoreDataClass.swift */,
				B6A9B6C92649B93F009C4D4F /* WorkItemModel.swift */,
			);
			path = Models;
			sourceTree = "<group>";
		};
		B6D80AD92652FE2F00AE8B4E /* Repository */ = {
			isa = PBXGroup;
			children = (
				B66953962678E0230081B88C /* CoreData */,
				B6D80ADA2652FE4200AE8B4E /* Constants.swift */,
			);
			path = Repository;
			sourceTree = "<group>";
		};
/* End PBXGroup section */

/* Begin PBXNativeTarget section */
		B6A9B6B12649B733009C4D4F /* Homehut */ = {
			isa = PBXNativeTarget;
			buildConfigurationList = B6A9B6C12649B737009C4D4F /* Build configuration list for PBXNativeTarget "Homehut" */;
			buildPhases = (
				B6A9B6AE2649B733009C4D4F /* Sources */,
				B6A9B6AF2649B733009C4D4F /* Frameworks */,
				B6A9B6B02649B733009C4D4F /* Resources */,
			);
			buildRules = (
			);
			dependencies = (
			);
			name = Homehut;
			productName = Homehut;
			productReference = B6A9B6B22649B733009C4D4F /* Homehut.app */;
			productType = "com.apple.product-type.application";
		};
/* End PBXNativeTarget section */

/* Begin PBXProject section */
		B6A9B6AA2649B733009C4D4F /* Project object */ = {
			isa = PBXProject;
			attributes = {
				LastSwiftUpdateCheck = 1250;
				LastUpgradeCheck = 1250;
				TargetAttributes = {
					B6A9B6B12649B733009C4D4F = {
						CreatedOnToolsVersion = 12.5;
					};
				};
			};
			buildConfigurationList = B6A9B6AD2649B733009C4D4F /* Build configuration list for PBXProject "Homehut" */;
			compatibilityVersion = "Xcode 9.3";
			developmentRegion = en;
			hasScannedForEncodings = 0;
			knownRegions = (
				en,
				Base,
			);
			mainGroup = B6A9B6A92649B733009C4D4F;
			productRefGroup = B6A9B6B32649B733009C4D4F /* Products */;
			projectDirPath = "";
			projectRoot = "";
			targets = (
				B6A9B6B12649B733009C4D4F /* Homehut */,
			);
		};
/* End PBXProject section */

/* Begin PBXResourcesBuildPhase section */
		B6A9B6B02649B733009C4D4F /* Resources */ = {
			isa = PBXResourcesBuildPhase;
			buildActionMask = 2147483647;
			files = (
				B6A9B6BD2649B737009C4D4F /* Preview Assets.xcassets in Resources */,
				B6A9B6BA2649B737009C4D4F /* Assets.xcassets in Resources */,
			);
			runOnlyForDeploymentPostprocessing = 0;
		};
/* End PBXResourcesBuildPhase section */

/* Begin PBXSourcesBuildPhase section */
		B6A9B6AE2649B733009C4D4F /* Sources */ = {
			isa = PBXSourcesBuildPhase;
			buildActionMask = 2147483647;
			files = (
				B6D80ACC264CD82800AE8B4E /* MultiSelectListView.swift in Sources */,
				B6D80AD0264EF0B200AE8B4E /* AddWorkViewModel.swift in Sources */,
				B6D80AD226517AEC00AE8B4E /* WorkItemView.swift in Sources */,
				B669539B26798DBC0081B88C /* Location+CoreDataClass.swift in Sources */,
				B66953952678DFE40081B88C /* Persistence.swift in Sources */,
				B6A9B6C82649B910009C4D4F /* LandingPageViewModel.swift in Sources */,
				B6A9B6CC2649BA54009C4D4F /* AddEditWorkView.swift in Sources */,
				B6A9B6CA2649B93F009C4D4F /* WorkItemModel.swift in Sources */,
				B6D80AD82652FD1300AE8B4E /* WorkCardView.swift in Sources */,
				B66953932677BAA90081B88C /* Homehut.xcdatamodeld in Sources */,
				B6D80AD42652B2C800AE8B4E /* WorkItemViewModel.swift in Sources */,
				B6A9B6B82649B733009C4D4F /* LandingPageView.swift in Sources */,
				B66953A12679920F0081B88C /* Location+CoreDataProperties.swift in Sources */,
				B6A9B6B62649B733009C4D4F /* HomehutApp.swift in Sources */,
				B6C2631F267AEEBA0032D3BB /* WorkItem+CoreDataProperties.swift in Sources */,
				B6D80ACE264EEFE200AE8B4E /* LocationSelectionView.swift in Sources */,
				B669539D26798DBC0081B88C /* WorkItem+CoreDataClass.swift in Sources */,
				B6D80ADB2652FE4200AE8B4E /* Constants.swift in Sources */,
			);
			runOnlyForDeploymentPostprocessing = 0;
		};
/* End PBXSourcesBuildPhase section */

/* Begin XCBuildConfiguration section */
		B6A9B6BF2649B737009C4D4F /* Debug */ = {
			isa = XCBuildConfiguration;
			buildSettings = {
				ALWAYS_SEARCH_USER_PATHS = NO;
				CLANG_ANALYZER_NONNULL = YES;
				CLANG_ANALYZER_NUMBER_OBJECT_CONVERSION = YES_AGGRESSIVE;
				CLANG_CXX_LANGUAGE_STANDARD = "gnu++14";
				CLANG_CXX_LIBRARY = "libc++";
				CLANG_ENABLE_MODULES = YES;
				CLANG_ENABLE_OBJC_ARC = YES;
				CLANG_ENABLE_OBJC_WEAK = YES;
				CLANG_WARN_BLOCK_CAPTURE_AUTORELEASING = YES;
				CLANG_WARN_BOOL_CONVERSION = YES;
				CLANG_WARN_COMMA = YES;
				CLANG_WARN_CONSTANT_CONVERSION = YES;
				CLANG_WARN_DEPRECATED_OBJC_IMPLEMENTATIONS = YES;
				CLANG_WARN_DIRECT_OBJC_ISA_USAGE = YES_ERROR;
				CLANG_WARN_DOCUMENTATION_COMMENTS = YES;
				CLANG_WARN_EMPTY_BODY = YES;
				CLANG_WARN_ENUM_CONVERSION = YES;
				CLANG_WARN_INFINITE_RECURSION = YES;
				CLANG_WARN_INT_CONVERSION = YES;
				CLANG_WARN_NON_LITERAL_NULL_CONVERSION = YES;
				CLANG_WARN_OBJC_IMPLICIT_RETAIN_SELF = YES;
				CLANG_WARN_OBJC_LITERAL_CONVERSION = YES;
				CLANG_WARN_OBJC_ROOT_CLASS = YES_ERROR;
				CLANG_WARN_QUOTED_INCLUDE_IN_FRAMEWORK_HEADER = YES;
				CLANG_WARN_RANGE_LOOP_ANALYSIS = YES;
				CLANG_WARN_STRICT_PROTOTYPES = YES;
				CLANG_WARN_SUSPICIOUS_MOVE = YES;
				CLANG_WARN_UNGUARDED_AVAILABILITY = YES_AGGRESSIVE;
				CLANG_WARN_UNREACHABLE_CODE = YES;
				CLANG_WARN__DUPLICATE_METHOD_MATCH = YES;
				COPY_PHASE_STRIP = NO;
				DEBUG_INFORMATION_FORMAT = dwarf;
				ENABLE_STRICT_OBJC_MSGSEND = YES;
				ENABLE_TESTABILITY = YES;
				GCC_C_LANGUAGE_STANDARD = gnu11;
				GCC_DYNAMIC_NO_PIC = NO;
				GCC_NO_COMMON_BLOCKS = YES;
				GCC_OPTIMIZATION_LEVEL = 0;
				GCC_PREPROCESSOR_DEFINITIONS = (
					"DEBUG=1",
					"$(inherited)",
				);
				GCC_WARN_64_TO_32_BIT_CONVERSION = YES;
				GCC_WARN_ABOUT_RETURN_TYPE = YES_ERROR;
				GCC_WARN_UNDECLARED_SELECTOR = YES;
				GCC_WARN_UNINITIALIZED_AUTOS = YES_AGGRESSIVE;
				GCC_WARN_UNUSED_FUNCTION = YES;
				GCC_WARN_UNUSED_VARIABLE = YES;
				IPHONEOS_DEPLOYMENT_TARGET = 14.5;
				MTL_ENABLE_DEBUG_INFO = INCLUDE_SOURCE;
				MTL_FAST_MATH = YES;
				ONLY_ACTIVE_ARCH = YES;
				SDKROOT = iphoneos;
				SWIFT_ACTIVE_COMPILATION_CONDITIONS = DEBUG;
				SWIFT_OPTIMIZATION_LEVEL = "-Onone";
			};
			name = Debug;
		};
		B6A9B6C02649B737009C4D4F /* Release */ = {
			isa = XCBuildConfiguration;
			buildSettings = {
				ALWAYS_SEARCH_USER_PATHS = NO;
				CLANG_ANALYZER_NONNULL = YES;
				CLANG_ANALYZER_NUMBER_OBJECT_CONVERSION = YES_AGGRESSIVE;
				CLANG_CXX_LANGUAGE_STANDARD = "gnu++14";
				CLANG_CXX_LIBRARY = "libc++";
				CLANG_ENABLE_MODULES = YES;
				CLANG_ENABLE_OBJC_ARC = YES;
				CLANG_ENABLE_OBJC_WEAK = YES;
				CLANG_WARN_BLOCK_CAPTURE_AUTORELEASING = YES;
				CLANG_WARN_BOOL_CONVERSION = YES;
				CLANG_WARN_COMMA = YES;
				CLANG_WARN_CONSTANT_CONVERSION = YES;
				CLANG_WARN_DEPRECATED_OBJC_IMPLEMENTATIONS = YES;
				CLANG_WARN_DIRECT_OBJC_ISA_USAGE = YES_ERROR;
				CLANG_WARN_DOCUMENTATION_COMMENTS = YES;
				CLANG_WARN_EMPTY_BODY = YES;
				CLANG_WARN_ENUM_CONVERSION = YES;
				CLANG_WARN_INFINITE_RECURSION = YES;
				CLANG_WARN_INT_CONVERSION = YES;
				CLANG_WARN_NON_LITERAL_NULL_CONVERSION = YES;
				CLANG_WARN_OBJC_IMPLICIT_RETAIN_SELF = YES;
				CLANG_WARN_OBJC_LITERAL_CONVERSION = YES;
				CLANG_WARN_OBJC_ROOT_CLASS = YES_ERROR;
				CLANG_WARN_QUOTED_INCLUDE_IN_FRAMEWORK_HEADER = YES;
				CLANG_WARN_RANGE_LOOP_ANALYSIS = YES;
				CLANG_WARN_STRICT_PROTOTYPES = YES;
				CLANG_WARN_SUSPICIOUS_MOVE = YES;
				CLANG_WARN_UNGUARDED_AVAILABILITY = YES_AGGRESSIVE;
				CLANG_WARN_UNREACHABLE_CODE = YES;
				CLANG_WARN__DUPLICATE_METHOD_MATCH = YES;
				COPY_PHASE_STRIP = NO;
				DEBUG_INFORMATION_FORMAT = "dwarf-with-dsym";
				ENABLE_NS_ASSERTIONS = NO;
				ENABLE_STRICT_OBJC_MSGSEND = YES;
				GCC_C_LANGUAGE_STANDARD = gnu11;
				GCC_NO_COMMON_BLOCKS = YES;
				GCC_WARN_64_TO_32_BIT_CONVERSION = YES;
				GCC_WARN_ABOUT_RETURN_TYPE = YES_ERROR;
				GCC_WARN_UNDECLARED_SELECTOR = YES;
				GCC_WARN_UNINITIALIZED_AUTOS = YES_AGGRESSIVE;
				GCC_WARN_UNUSED_FUNCTION = YES;
				GCC_WARN_UNUSED_VARIABLE = YES;
				IPHONEOS_DEPLOYMENT_TARGET = 14.5;
				MTL_ENABLE_DEBUG_INFO = NO;
				MTL_FAST_MATH = YES;
				SDKROOT = iphoneos;
				SWIFT_COMPILATION_MODE = wholemodule;
				SWIFT_OPTIMIZATION_LEVEL = "-O";
				VALIDATE_PRODUCT = YES;
			};
			name = Release;
		};
		B6A9B6C22649B737009C4D4F /* Debug */ = {
			isa = XCBuildConfiguration;
			buildSettings = {
				ASSETCATALOG_COMPILER_APPICON_NAME = AppIcon;
				ASSETCATALOG_COMPILER_GLOBAL_ACCENT_COLOR_NAME = AccentColor;
				CODE_SIGN_STYLE = Automatic;
				DEVELOPMENT_ASSET_PATHS = "\"Homehut/Preview Content\"";
				ENABLE_PREVIEWS = YES;
				INFOPLIST_FILE = Homehut/Info.plist;
				IPHONEOS_DEPLOYMENT_TARGET = 14.0;
				LD_RUNPATH_SEARCH_PATHS = (
					"$(inherited)",
					"@executable_path/Frameworks",
				);
				PRODUCT_BUNDLE_IDENTIFIER = com.towerassets.Homehut;
				PRODUCT_NAME = "$(TARGET_NAME)";
				SWIFT_VERSION = 5.0;
				TARGETED_DEVICE_FAMILY = "1,2";
			};
			name = Debug;
		};
		B6A9B6C32649B737009C4D4F /* Release */ = {
			isa = XCBuildConfiguration;
			buildSettings = {
				ASSETCATALOG_COMPILER_APPICON_NAME = AppIcon;
				ASSETCATALOG_COMPILER_GLOBAL_ACCENT_COLOR_NAME = AccentColor;
				CODE_SIGN_STYLE = Automatic;
				DEVELOPMENT_ASSET_PATHS = "\"Homehut/Preview Content\"";
				ENABLE_PREVIEWS = YES;
				INFOPLIST_FILE = Homehut/Info.plist;
				IPHONEOS_DEPLOYMENT_TARGET = 14.0;
				LD_RUNPATH_SEARCH_PATHS = (
					"$(inherited)",
					"@executable_path/Frameworks",
				);
				PRODUCT_BUNDLE_IDENTIFIER = com.towerassets.Homehut;
				PRODUCT_NAME = "$(TARGET_NAME)";
				SWIFT_VERSION = 5.0;
				TARGETED_DEVICE_FAMILY = "1,2";
			};
			name = Release;
		};
/* End XCBuildConfiguration section */

/* Begin XCConfigurationList section */
		B6A9B6AD2649B733009C4D4F /* Build configuration list for PBXProject "Homehut" */ = {
			isa = XCConfigurationList;
			buildConfigurations = (
				B6A9B6BF2649B737009C4D4F /* Debug */,
				B6A9B6C02649B737009C4D4F /* Release */,
			);
			defaultConfigurationIsVisible = 0;
			defaultConfigurationName = Release;
		};
		B6A9B6C12649B737009C4D4F /* Build configuration list for PBXNativeTarget "Homehut" */ = {
			isa = XCConfigurationList;
			buildConfigurations = (
				B6A9B6C22649B737009C4D4F /* Debug */,
				B6A9B6C32649B737009C4D4F /* Release */,
			);
			defaultConfigurationIsVisible = 0;
			defaultConfigurationName = Release;
		};
/* End XCConfigurationList section */

/* Begin XCVersionGroup section */
		B66953912677BAA90081B88C /* Homehut.xcdatamodeld */ = {
			isa = XCVersionGroup;
			children = (
				B66953922677BAA90081B88C /* Homehut.xcdatamodel */,
			);
			currentVersion = B66953922677BAA90081B88C /* Homehut.xcdatamodel */;
			path = Homehut.xcdatamodeld;
			sourceTree = "<group>";
			versionGroupType = wrapper.xcdatamodel;
		};
/* End XCVersionGroup section */
	};
	rootObject = B6A9B6AA2649B733009C4D4F /* Project object */;
}
